
Microsoft Visual Studio Solution File, Format Version 12.00
# Visual Studio Version 16
VisualStudioVersion = 16.0.31729.503
MinimumVisualStudioVersion = 10.0.40219.1
Project("{FAE04EC0-301F-11D3-BF4B-00C04F79EFBC}") = "Project ICT AO - Tijl Van Caneghem", "Project ICT AO - Tijl Van Caneghem\Project ICT AO - Tijl Van Caneghem.csproj", "{AB8CFCA5-240A-49E5-8B65-4ADE46BD1B8B}"
EndProject
Global
	GlobalSection(SolutionConfigurationPlatforms) = preSolution
		Debug|Any CPU = Debug|Any CPU
		Release|Any CPU = Release|Any CPU
	EndGlobalSection
	GlobalSection(ProjectConfigurationPlatforms) = postSolution
		{AB8CFCA5-240A-49E5-8B65-4ADE46BD1B8B}.Debug|Any CPU.ActiveCfg = Debug|Any CPU
		{AB8CFCA5-240A-49E5-8B65-4ADE46BD1B8B}.Debug|Any CPU.Build.0 = Debug|Any CPU
		{AB8CFCA5-240A-49E5-8B65-4ADE46BD1B8B}.Release|Any CPU.ActiveCfg = Release|Any CPU
		{AB8CFCA5-240A-49E5-8B65-4ADE46BD1B8B}.Release|Any CPU.Build.0 = Release|Any CPU
	EndGlobalSection
	GlobalSection(SolutionProperties) = preSolution
		HideSolutionNode = FALSE
	EndGlobalSection
	GlobalSection(ExtensibilityGlobals) = postSolution
		SolutionGuid = {B5961FF0-5BCC-4133-B714-A048B5D611AF}
	EndGlobalSection
EndGlobal
